// !$*UTF8*$!
{
	archiveVersion = 1;
	classes = {
	};
	objectVersion = 46;
	objects = {

/* Begin PBXBuildFile section */
		50FE04971CF92C430042D3EE /* main.m in Sources */ = {isa = PBXBuildFile; fileRef = 50FE04961CF92C430042D3EE /* main.m */; };
		50FE049A1CF92C430042D3EE /* AppDelegate.m in Sources */ = {isa = PBXBuildFile; fileRef = 50FE04991CF92C430042D3EE /* AppDelegate.m */; };
		50FE04A01CF92C430042D3EE /* Main.storyboard in Resources */ = {isa = PBXBuildFile; fileRef = 50FE049E1CF92C430042D3EE /* Main.storyboard */; };
		50FE04A21CF92C430042D3EE /* Assets.xcassets in Resources */ = {isa = PBXBuildFile; fileRef = 50FE04A11CF92C430042D3EE /* Assets.xcassets */; };
		50FE04A51CF92C430042D3EE /* LaunchScreen.storyboard in Resources */ = {isa = PBXBuildFile; fileRef = 50FE04A31CF92C430042D3EE /* LaunchScreen.storyboard */; };
		50FE04B01CF92D750042D3EE /* UIColor+DYKAddition.m in Sources */ = {isa = PBXBuildFile; fileRef = 50FE04AF1CF92D750042D3EE /* UIColor+DYKAddition.m */; };
		50FE04B51CF930F90042D3EE /* FWBTableViewController.m in Sources */ = {isa = PBXBuildFile; fileRef = 50FE04B41CF930F90042D3EE /* FWBTableViewController.m */; };
		50FE04B91CF933C30042D3EE /* UIImage+FWBExtension.m in Sources */ = {isa = PBXBuildFile; fileRef = 50FE04B81CF933C30042D3EE /* UIImage+FWBExtension.m */; };
		50FE04BB1CF9371A0042D3EE /* Accelerate.framework in Frameworks */ = {isa = PBXBuildFile; fileRef = 50FE04BA1CF937190042D3EE /* Accelerate.framework */; };
		50FE04C11CF93D870042D3EE /* UIColorDemoVC.m in Sources */ = {isa = PBXBuildFile; fileRef = 50FE04BF1CF93D870042D3EE /* UIColorDemoVC.m */; };
		50FE04C21CF93D870042D3EE /* UIColorDemoVC.xib in Resources */ = {isa = PBXBuildFile; fileRef = 50FE04C01CF93D870042D3EE /* UIColorDemoVC.xib */; };
		50FE04C81CF98BCE0042D3EE /* UIButton+FWBExtension.m in Sources */ = {isa = PBXBuildFile; fileRef = 50FE04C71CF98BCE0042D3EE /* UIButton+FWBExtension.m */; };
		50FE04D01CF99F070042D3EE /* UIButtonDemoVC.m in Sources */ = {isa = PBXBuildFile; fileRef = 50FE04CE1CF99F070042D3EE /* UIButtonDemoVC.m */; };
		50FE04D81CF9E5040042D3EE /* FWBFlashButton.m in Sources */ = {isa = PBXBuildFile; fileRef = 50FE04D71CF9E5040042D3EE /* FWBFlashButton.m */; };
		50FE04DE1CF9E9E20042D3EE /* background.png in Resources */ = {isa = PBXBuildFile; fileRef = 50FE04DD1CF9E9E20042D3EE /* background.png */; };
		50FE04E01CF9EE410042D3EE /* lab.jpg in Resources */ = {isa = PBXBuildFile; fileRef = 50FE04DF1CF9EE410042D3EE /* lab.jpg */; };
		50FE04E31CF9F6CA0042D3EE /* UIImageView+CornerRadius.m in Sources */ = {isa = PBXBuildFile; fileRef = 50FE04E21CF9F6CA0042D3EE /* UIImageView+CornerRadius.m */; };
		50FE04E61CF9FBDD0042D3EE /* UIImageViewDemoVC.m in Sources */ = {isa = PBXBuildFile; fileRef = 50FE04E51CF9FBDD0042D3EE /* UIImageViewDemoVC.m */; };
		50FE04E81CF9FCB60042D3EE /* mac_dog.png in Resources */ = {isa = PBXBuildFile; fileRef = 50FE04E71CF9FCB60042D3EE /* mac_dog.png */; };
/* End PBXBuildFile section */

/* Begin PBXFileReference section */
		50FE04921CF92C430042D3EE /* iOSCategoryDemo.app */ = {isa = PBXFileReference; explicitFileType = wrapper.application; includeInIndex = 0; path = iOSCategoryDemo.app; sourceTree = BUILT_PRODUCTS_DIR; };
		50FE04961CF92C430042D3EE /* main.m */ = {isa = PBXFileReference; lastKnownFileType = sourcecode.c.objc; path = main.m; sourceTree = "<group>"; };
		50FE04981CF92C430042D3EE /* AppDelegate.h */ = {isa = PBXFileReference; lastKnownFileType = sourcecode.c.h; path = AppDelegate.h; sourceTree = "<group>"; };
		50FE04991CF92C430042D3EE /* AppDelegate.m */ = {isa = PBXFileReference; lastKnownFileType = sourcecode.c.objc; path = AppDelegate.m; sourceTree = "<group>"; };
		50FE049F1CF92C430042D3EE /* Base */ = {isa = PBXFileReference; lastKnownFileType = file.storyboard; name = Base; path = Base.lproj/Main.storyboard; sourceTree = "<group>"; };
		50FE04A11CF92C430042D3EE /* Assets.xcassets */ = {isa = PBXFileReference; lastKnownFileType = folder.assetcatalog; path = Assets.xcassets; sourceTree = "<group>"; };
		50FE04A41CF92C430042D3EE /* Base */ = {isa = PBXFileReference; lastKnownFileType = file.storyboard; name = Base; path = Base.lproj/LaunchScreen.storyboard; sourceTree = "<group>"; };
		50FE04A61CF92C430042D3EE /* Info.plist */ = {isa = PBXFileReference; lastKnownFileType = text.plist.xml; path = Info.plist; sourceTree = "<group>"; };
		50FE04AE1CF92D750042D3EE /* UIColor+DYKAddition.h */ = {isa = PBXFileReference; fileEncoding = 4; lastKnownFileType = sourcecode.c.h; path = "UIColor+DYKAddition.h"; sourceTree = "<group>"; };
		50FE04AF1CF92D750042D3EE /* UIColor+DYKAddition.m */ = {isa = PBXFileReference; fileEncoding = 4; lastKnownFileType = sourcecode.c.objc; path = "UIColor+DYKAddition.m"; sourceTree = "<group>"; };
		50FE04B31CF930F90042D3EE /* FWBTableViewController.h */ = {isa = PBXFileReference; fileEncoding = 4; lastKnownFileType = sourcecode.c.h; path = FWBTableViewController.h; sourceTree = "<group>"; };
		50FE04B41CF930F90042D3EE /* FWBTableViewController.m */ = {isa = PBXFileReference; fileEncoding = 4; lastKnownFileType = sourcecode.c.objc; path = FWBTableViewController.m; sourceTree = "<group>"; };
		50FE04B71CF933C30042D3EE /* UIImage+FWBExtension.h */ = {isa = PBXFileReference; fileEncoding = 4; lastKnownFileType = sourcecode.c.h; path = "UIImage+FWBExtension.h"; sourceTree = "<group>"; };
		50FE04B81CF933C30042D3EE /* UIImage+FWBExtension.m */ = {isa = PBXFileReference; fileEncoding = 4; lastKnownFileType = sourcecode.c.objc; path = "UIImage+FWBExtension.m"; sourceTree = "<group>"; };
		50FE04BA1CF937190042D3EE /* Accelerate.framework */ = {isa = PBXFileReference; lastKnownFileType = wrapper.framework; name = Accelerate.framework; path = System/Library/Frameworks/Accelerate.framework; sourceTree = SDKROOT; };
		50FE04BD1CF93A2A0042D3EE /* PrefixHeader.pch */ = {isa = PBXFileReference; lastKnownFileType = sourcecode.c.h; path = PrefixHeader.pch; sourceTree = "<group>"; };
		50FE04BE1CF93D870042D3EE /* UIColorDemoVC.h */ = {isa = PBXFileReference; fileEncoding = 4; lastKnownFileType = sourcecode.c.h; path = UIColorDemoVC.h; sourceTree = "<group>"; };
		50FE04BF1CF93D870042D3EE /* UIColorDemoVC.m */ = {isa = PBXFileReference; fileEncoding = 4; lastKnownFileType = sourcecode.c.objc; path = UIColorDemoVC.m; sourceTree = "<group>"; };
		50FE04C01CF93D870042D3EE /* UIColorDemoVC.xib */ = {isa = PBXFileReference; fileEncoding = 4; lastKnownFileType = file.xib; path = UIColorDemoVC.xib; sourceTree = "<group>"; };
		50FE04C61CF98BCE0042D3EE /* UIButton+FWBExtension.h */ = {isa = PBXFileReference; fileEncoding = 4; lastKnownFileType = sourcecode.c.h; path = "UIButton+FWBExtension.h"; sourceTree = "<group>"; };
		50FE04C71CF98BCE0042D3EE /* UIButton+FWBExtension.m */ = {isa = PBXFileReference; fileEncoding = 4; lastKnownFileType = sourcecode.c.objc; path = "UIButton+FWBExtension.m"; sourceTree = "<group>"; };
		50FE04CD1CF99F070042D3EE /* UIButtonDemoVC.h */ = {isa = PBXFileReference; fileEncoding = 4; lastKnownFileType = sourcecode.c.h; path = UIButtonDemoVC.h; sourceTree = "<group>"; };
		50FE04CE1CF99F070042D3EE /* UIButtonDemoVC.m */ = {isa = PBXFileReference; fileEncoding = 4; lastKnownFileType = sourcecode.c.objc; path = UIButtonDemoVC.m; sourceTree = "<group>"; };
		50FE04D61CF9E5040042D3EE /* FWBFlashButton.h */ = {isa = PBXFileReference; fileEncoding = 4; lastKnownFileType = sourcecode.c.h; path = FWBFlashButton.h; sourceTree = "<group>"; };
		50FE04D71CF9E5040042D3EE /* FWBFlashButton.m */ = {isa = PBXFileReference; fileEncoding = 4; lastKnownFileType = sourcecode.c.objc; path = FWBFlashButton.m; sourceTree = "<group>"; };
		50FE04DD1CF9E9E20042D3EE /* background.png */ = {isa = PBXFileReference; lastKnownFileType = image.png; path = background.png; sourceTree = "<group>"; };
		50FE04DF1CF9EE410042D3EE /* lab.jpg */ = {isa = PBXFileReference; lastKnownFileType = image.jpeg; path = lab.jpg; sourceTree = "<group>"; };
		50FE04E11CF9F6CA0042D3EE /* UIImageView+CornerRadius.h */ = {isa = PBXFileReference; fileEncoding = 4; lastKnownFileType = sourcecode.c.h; path = "UIImageView+CornerRadius.h"; sourceTree = "<group>"; };
		50FE04E21CF9F6CA0042D3EE /* UIImageView+CornerRadius.m */ = {isa = PBXFileReference; fileEncoding = 4; lastKnownFileType = sourcecode.c.objc; path = "UIImageView+CornerRadius.m"; sourceTree = "<group>"; };
		50FE04E41CF9FBDD0042D3EE /* UIImageViewDemoVC.h */ = {isa = PBXFileReference; fileEncoding = 4; lastKnownFileType = sourcecode.c.h; path = UIImageViewDemoVC.h; sourceTree = "<group>"; };
		50FE04E51CF9FBDD0042D3EE /* UIImageViewDemoVC.m */ = {isa = PBXFileReference; fileEncoding = 4; lastKnownFileType = sourcecode.c.objc; path = UIImageViewDemoVC.m; sourceTree = "<group>"; };
		50FE04E71CF9FCB60042D3EE /* mac_dog.png */ = {isa = PBXFileReference; lastKnownFileType = image.png; path = mac_dog.png; sourceTree = "<group>"; };
/* End PBXFileReference section */

/* Begin PBXFrameworksBuildPhase section */
		50FE048F1CF92C430042D3EE /* Frameworks */ = {
			isa = PBXFrameworksBuildPhase;
			buildActionMask = 2147483647;
			files = (
				50FE04BB1CF9371A0042D3EE /* Accelerate.framework in Frameworks */,
			);
			runOnlyForDeploymentPostprocessing = 0;
		};
/* End PBXFrameworksBuildPhase section */

/* Begin PBXGroup section */
		50FE04891CF92C430042D3EE = {
			isa = PBXGroup;
			children = (
				50FE04BA1CF937190042D3EE /* Accelerate.framework */,
				50FE04941CF92C430042D3EE /* iOSCategoryDemo */,
				50FE04931CF92C430042D3EE /* Products */,
			);
			sourceTree = "<group>";
		};
		50FE04931CF92C430042D3EE /* Products */ = {
			isa = PBXGroup;
			children = (
				50FE04921CF92C430042D3EE /* iOSCategoryDemo.app */,
			);
			name = Products;
			sourceTree = "<group>";
		};
		50FE04941CF92C430042D3EE /* iOSCategoryDemo */ = {
			isa = PBXGroup;
			children = (
				50FE04DC1CF9E9E20042D3EE /* Resources */,
				50FE04B11CF92D850042D3EE /* Foundation */,
				50FE04AC1CF92D750042D3EE /* ThreeParty */,
				50FE04AD1CF92D750042D3EE /* UIKit */,
				50FE04D51CF9E5040042D3EE /* ViewExtend */,
				50FE04B61CF932D00042D3EE /* UIColorDemo */,
				50FE04B21CF92EFA0042D3EE /* Main */,
				50FE04951CF92C430042D3EE /* Supporting Files */,
			);
			path = iOSCategoryDemo;
			sourceTree = "<group>";
		};
		50FE04951CF92C430042D3EE /* Supporting Files */ = {
			isa = PBXGroup;
			children = (
				50FE049E1CF92C430042D3EE /* Main.storyboard */,
				50FE04A11CF92C430042D3EE /* Assets.xcassets */,
				50FE04A31CF92C430042D3EE /* LaunchScreen.storyboard */,
				50FE04A61CF92C430042D3EE /* Info.plist */,
				50FE04961CF92C430042D3EE /* main.m */,
			);
			name = "Supporting Files";
			sourceTree = "<group>";
		};
		50FE04AC1CF92D750042D3EE /* ThreeParty */ = {
			isa = PBXGroup;
			children = (
			);
			path = ThreeParty;
			sourceTree = "<group>";
		};
		50FE04AD1CF92D750042D3EE /* UIKit */ = {
			isa = PBXGroup;
			children = (
				50FE04C61CF98BCE0042D3EE /* UIButton+FWBExtension.h */,
				50FE04C71CF98BCE0042D3EE /* UIButton+FWBExtension.m */,
				50FE04AE1CF92D750042D3EE /* UIColor+DYKAddition.h */,
				50FE04AF1CF92D750042D3EE /* UIColor+DYKAddition.m */,
				50FE04B71CF933C30042D3EE /* UIImage+FWBExtension.h */,
				50FE04B81CF933C30042D3EE /* UIImage+FWBExtension.m */,
				50FE04E11CF9F6CA0042D3EE /* UIImageView+CornerRadius.h */,
				50FE04E21CF9F6CA0042D3EE /* UIImageView+CornerRadius.m */,
			);
			path = UIKit;
			sourceTree = "<group>";
		};
		50FE04B11CF92D850042D3EE /* Foundation */ = {
			isa = PBXGroup;
			children = (
			);
			path = Foundation;
			sourceTree = "<group>";
		};
		50FE04B21CF92EFA0042D3EE /* Main */ = {
			isa = PBXGroup;
			children = (
				50FE04981CF92C430042D3EE /* AppDelegate.h */,
				50FE04991CF92C430042D3EE /* AppDelegate.m */,
				50FE04B31CF930F90042D3EE /* FWBTableViewController.h */,
				50FE04B41CF930F90042D3EE /* FWBTableViewController.m */,
				50FE04BD1CF93A2A0042D3EE /* PrefixHeader.pch */,
			);
			name = Main;
			sourceTree = "<group>";
		};
		50FE04B61CF932D00042D3EE /* UIColorDemo */ = {
			isa = PBXGroup;
			children = (
				50FE04BE1CF93D870042D3EE /* UIColorDemoVC.h */,
				50FE04BF1CF93D870042D3EE /* UIColorDemoVC.m */,
				50FE04C01CF93D870042D3EE /* UIColorDemoVC.xib */,
				50FE04CD1CF99F070042D3EE /* UIButtonDemoVC.h */,
				50FE04CE1CF99F070042D3EE /* UIButtonDemoVC.m */,
				50FE04E41CF9FBDD0042D3EE /* UIImageViewDemoVC.h */,
				50FE04E51CF9FBDD0042D3EE /* UIImageViewDemoVC.m */,
			);
			name = UIColorDemo;
			sourceTree = "<group>";
		};
		50FE04D51CF9E5040042D3EE /* ViewExtend */ = {
			isa = PBXGroup;
			children = (
				50FE04D61CF9E5040042D3EE /* FWBFlashButton.h */,
				50FE04D71CF9E5040042D3EE /* FWBFlashButton.m */,
			);
			path = ViewExtend;
			sourceTree = "<group>";
		};
		50FE04DC1CF9E9E20042D3EE /* Resources */ = {
			isa = PBXGroup;
			children = (
				50FE04E71CF9FCB60042D3EE /* mac_dog.png */,
				50FE04DF1CF9EE410042D3EE /* lab.jpg */,
				50FE04DD1CF9E9E20042D3EE /* background.png */,
			);
			path = Resources;
			sourceTree = "<group>";
		};
/* End PBXGroup section */

/* Begin PBXNativeTarget section */
		50FE04911CF92C430042D3EE /* iOSCategoryDemo */ = {
			isa = PBXNativeTarget;
			buildConfigurationList = 50FE04A91CF92C430042D3EE /* Build configuration list for PBXNativeTarget "iOSCategoryDemo" */;
			buildPhases = (
				50FE048E1CF92C430042D3EE /* Sources */,
				50FE048F1CF92C430042D3EE /* Frameworks */,
				50FE04901CF92C430042D3EE /* Resources */,
			);
			buildRules = (
			);
			dependencies = (
			);
			name = iOSCategoryDemo;
			productName = iOSCategoryDemo;
			productReference = 50FE04921CF92C430042D3EE /* iOSCategoryDemo.app */;
			productType = "com.apple.product-type.application";
		};
/* End PBXNativeTarget section */

/* Begin PBXProject section */
		50FE048A1CF92C430042D3EE /* Project object */ = {
			isa = PBXProject;
			attributes = {
				LastUpgradeCheck = 0730;
				ORGANIZATIONNAME = fanwenbo;
				TargetAttributes = {
					50FE04911CF92C430042D3EE = {
						CreatedOnToolsVersion = 7.3.1;
					};
				};
			};
			buildConfigurationList = 50FE048D1CF92C430042D3EE /* Build configuration list for PBXProject "iOSCategoryDemo" */;
			compatibilityVersion = "Xcode 3.2";
			developmentRegion = English;
			hasScannedForEncodings = 0;
			knownRegions = (
				en,
				Base,
			);
			mainGroup = 50FE04891CF92C430042D3EE;
			productRefGroup = 50FE04931CF92C430042D3EE /* Products */;
			projectDirPath = "";
			projectRoot = "";
			targets = (
				50FE04911CF92C430042D3EE /* iOSCategoryDemo */,
			);
		};
/* End PBXProject section */

/* Begin PBXResourcesBuildPhase section */
		50FE04901CF92C430042D3EE /* Resources */ = {
			isa = PBXResourcesBuildPhase;
			buildActionMask = 2147483647;
			files = (
				50FE04A51CF92C430042D3EE /* LaunchScreen.storyboard in Resources */,
				50FE04DE1CF9E9E20042D3EE /* background.png in Resources */,
				50FE04E81CF9FCB60042D3EE /* mac_dog.png in Resources */,
				50FE04C21CF93D870042D3EE /* UIColorDemoVC.xib in Resources */,
				50FE04E01CF9EE410042D3EE /* lab.jpg in Resources */,
				50FE04A21CF92C430042D3EE /* Assets.xcassets in Resources */,
				50FE04A01CF92C430042D3EE /* Main.storyboard in Resources */,
			);
			runOnlyForDeploymentPostprocessing = 0;
		};
/* End PBXResourcesBuildPhase section */

/* Begin PBXSourcesBuildPhase section */
		50FE048E1CF92C430042D3EE /* Sources */ = {
			isa = PBXSourcesBuildPhase;
			buildActionMask = 2147483647;
			files = (
				50FE04B01CF92D750042D3EE /* UIColor+DYKAddition.m in Sources */,
				50FE04B51CF930F90042D3EE /* FWBTableViewController.m in Sources */,
				50FE04B91CF933C30042D3EE /* UIImage+FWBExtension.m in Sources */,
				50FE04D01CF99F070042D3EE /* UIButtonDemoVC.m in Sources */,
				50FE049A1CF92C430042D3EE /* AppDelegate.m in Sources */,
				50FE04D81CF9E5040042D3EE /* FWBFlashButton.m in Sources */,
				50FE04E61CF9FBDD0042D3EE /* UIImageViewDemoVC.m in Sources */,
				50FE04C81CF98BCE0042D3EE /* UIButton+FWBExtension.m in Sources */,
				50FE04971CF92C430042D3EE /* main.m in Sources */,
				50FE04C11CF93D870042D3EE /* UIColorDemoVC.m in Sources */,
				50FE04E31CF9F6CA0042D3EE /* UIImageView+CornerRadius.m in Sources */,
			);
			runOnlyForDeploymentPostprocessing = 0;
		};
/* End PBXSourcesBuildPhase section */

/* Begin PBXVariantGroup section */
		50FE049E1CF92C430042D3EE /* Main.storyboard */ = {
			isa = PBXVariantGroup;
			children = (
				50FE049F1CF92C430042D3EE /* Base */,
			);
			name = Main.storyboard;
			sourceTree = "<group>";
		};
		50FE04A31CF92C430042D3EE /* LaunchScreen.storyboard */ = {
			isa = PBXVariantGroup;
			children = (
				50FE04A41CF92C430042D3EE /* Base */,
			);
			name = LaunchScreen.storyboard;
			sourceTree = "<group>";
		};
/* End PBXVariantGroup section */

/* Begin XCBuildConfiguration section */
		50FE04A71CF92C430042D3EE /* Debug */ = {
			isa = XCBuildConfiguration;
			buildSettings = {
				ALWAYS_SEARCH_USER_PATHS = NO;
				CLANG_ANALYZER_NONNULL = YES;
				CLANG_CXX_LANGUAGE_STANDARD = "gnu++0x";
				CLANG_CXX_LIBRARY = "libc++";
				CLANG_ENABLE_MODULES = YES;
				CLANG_ENABLE_OBJC_ARC = YES;
				CLANG_WARN_BOOL_CONVERSION = YES;
				CLANG_WARN_CONSTANT_CONVERSION = YES;
				CLANG_WARN_DIRECT_OBJC_ISA_USAGE = YES_ERROR;
				CLANG_WARN_EMPTY_BODY = YES;
				CLANG_WARN_ENUM_CONVERSION = YES;
				CLANG_WARN_INT_CONVERSION = YES;
				CLANG_WARN_OBJC_ROOT_CLASS = YES_ERROR;
				CLANG_WARN_UNREACHABLE_CODE = YES;
				CLANG_WARN__DUPLICATE_METHOD_MATCH = YES;
				"CODE_SIGN_IDENTITY[sdk=iphoneos*]" = "iPhone Developer";
				COPY_PHASE_STRIP = NO;
				DEBUG_INFORMATION_FORMAT = dwarf;
				ENABLE_STRICT_OBJC_MSGSEND = YES;
				ENABLE_TESTABILITY = YES;
				GCC_C_LANGUAGE_STANDARD = gnu99;
				GCC_DYNAMIC_NO_PIC = NO;
				GCC_NO_COMMON_BLOCKS = YES;
				GCC_OPTIMIZATION_LEVEL = 0;
				GCC_PREPROCESSOR_DEFINITIONS = (
					"DEBUG=1",
					"$(inherited)",
				);
				GCC_WARN_64_TO_32_BIT_CONVERSION = YES;
				GCC_WARN_ABOUT_RETURN_TYPE = YES_ERROR;
				GCC_WARN_UNDECLARED_SELECTOR = YES;
				GCC_WARN_UNINITIALIZED_AUTOS = YES_AGGRESSIVE;
				GCC_WARN_UNUSED_FUNCTION = YES;
				GCC_WARN_UNUSED_VARIABLE = YES;
				IPHONEOS_DEPLOYMENT_TARGET = 9.3;
				MTL_ENABLE_DEBUG_INFO = YES;
				ONLY_ACTIVE_ARCH = YES;
				SDKROOT = iphoneos;
			};
			name = Debug;
		};
		50FE04A81CF92C430042D3EE /* Release */ = {
			isa = XCBuildConfiguration;
			buildSettings = {
				ALWAYS_SEARCH_USER_PATHS = NO;
				CLANG_ANALYZER_NONNULL = YES;
				CLANG_CXX_LANGUAGE_STANDARD = "gnu++0x";
				CLANG_CXX_LIBRARY = "libc++";
				CLANG_ENABLE_MODULES = YES;
				CLANG_ENABLE_OBJC_ARC = YES;
				CLANG_WARN_BOOL_CONVERSION = YES;
				CLANG_WARN_CONSTANT_CONVERSION = YES;
				CLANG_WARN_DIRECT_OBJC_ISA_USAGE = YES_ERROR;
				CLANG_WARN_EMPTY_BODY = YES;
				CLANG_WARN_ENUM_CONVERSION = YES;
				CLANG_WARN_INT_CONVERSION = YES;
				CLANG_WARN_OBJC_ROOT_CLASS = YES_ERROR;
				CLANG_WARN_UNREACHABLE_CODE = YES;
				CLANG_WARN__DUPLICATE_METHOD_MATCH = YES;
				"CODE_SIGN_IDENTITY[sdk=iphoneos*]" = "iPhone Developer";
				COPY_PHASE_STRIP = NO;
				DEBUG_INFORMATION_FORMAT = "dwarf-with-dsym";
				ENABLE_NS_ASSERTIONS = NO;
				ENABLE_STRICT_OBJC_MSGSEND = YES;
				GCC_C_LANGUAGE_STANDARD = gnu99;
				GCC_NO_COMMON_BLOCKS = YES;
				GCC_WARN_64_TO_32_BIT_CONVERSION = YES;
				GCC_WARN_ABOUT_RETURN_TYPE = YES_ERROR;
				GCC_WARN_UNDECLARED_SELECTOR = YES;
				GCC_WARN_UNINITIALIZED_AUTOS = YES_AGGRESSIVE;
				GCC_WARN_UNUSED_FUNCTION = YES;
				GCC_WARN_UNUSED_VARIABLE = YES;
				IPHONEOS_DEPLOYMENT_TARGET = 9.3;
				MTL_ENABLE_DEBUG_INFO = NO;
				SDKROOT = iphoneos;
				VALIDATE_PRODUCT = YES;
			};
			name = Release;
		};
		50FE04AA1CF92C430042D3EE /* Debug */ = {
			isa = XCBuildConfiguration;
			buildSettings = {
				ASSETCATALOG_COMPILER_APPICON_NAME = AppIcon;
				GCC_PREFIX_HEADER = "$(SRCROOT)/iOSCategoryDemo/PrefixHeader.pch";
				INFOPLIST_FILE = iOSCategoryDemo/Info.plist;
				IPHONEOS_DEPLOYMENT_TARGET = 8.0;
				LD_RUNPATH_SEARCH_PATHS = "$(inherited) @executable_path/Frameworks";
				PRODUCT_BUNDLE_IDENTIFIER = com.fanwenbo.iOSCategoryDemo;
				PRODUCT_NAME = "$(TARGET_NAME)";
			};
			name = Debug;
		};
		50FE04AB1CF92C430042D3EE /* Release */ = {
			isa = XCBuildConfiguration;
			buildSettings = {
				ASSETCATALOG_COMPILER_APPICON_NAME = AppIcon;
				GCC_PREFIX_HEADER = "$(SRCROOT)/iOSCategoryDemo/PrefixHeader.pch";
				INFOPLIST_FILE = iOSCategoryDemo/Info.plist;
				IPHONEOS_DEPLOYMENT_TARGET = 8.0;
				LD_RUNPATH_SEARCH_PATHS = "$(inherited) @executable_path/Frameworks";
				PRODUCT_BUNDLE_IDENTIFIER = com.fanwenbo.iOSCategoryDemo;
				PRODUCT_NAME = "$(TARGET_NAME)";
			};
			name = Release;
		};
/* End XCBuildConfiguration section */

/* Begin XCConfigurationList section */
		50FE048D1CF92C430042D3EE /* Build configuration list for PBXProject "iOSCategoryDemo" */ = {
			isa = XCConfigurationList;
			buildConfigurations = (
				50FE04A71CF92C430042D3EE /* Debug */,
				50FE04A81CF92C430042D3EE /* Release */,
			);
			defaultConfigurationIsVisible = 0;
			defaultConfigurationName = Release;
		};
		50FE04A91CF92C430042D3EE /* Build configuration list for PBXNativeTarget "iOSCategoryDemo" */ = {
			isa = XCConfigurationList;
			buildConfigurations = (
				50FE04AA1CF92C430042D3EE /* Debug */,
				50FE04AB1CF92C430042D3EE /* Release */,
			);
			defaultConfigurationIsVisible = 0;
			defaultConfigurationName = Release;
		};
/* End XCConfigurationList section */
	};
	rootObject = 50FE048A1CF92C430042D3EE /* Project object */;
}
